// !$*UTF8*$!
{
	archiveVersion = 1;
	classes = {
	};
	objectVersion = 77;
	objects = {

/* Begin PBXBuildFile section */
		012191B142DC845EEBB29A1B /* AppColors.swift in Sources */ = {isa = PBXBuildFile; fileRef = D30F5CE3D9C9CF74E94B4B90 /* AppColors.swift */; };
		03F1A2B3C4D5E6F7089920C1 /* CreateMatchView.swift in Sources */ = {isa = PBXBuildFile; fileRef = 04F1A2B3C4D5E6F7089920C1 /* CreateMatchView.swift */; };
		05A1B2C3D4E5F607A8B9C0D1 /* MatchDetailView.swift in Sources */ = {isa = PBXBuildFile; fileRef = 06A1B2C3D4E5F607A8B9C0D1 /* MatchDetailView.swift */; };
		046B0A51704DD3EE532486E2 /* CloudSync.swift in Sources */ = {isa = PBXBuildFile; fileRef = 10A47937B735C6DF31421B3A /* CloudSync.swift */; };
		1501FB6DD67A8FD84F4C18E1 /* SettingsView.swift in Sources */ = {isa = PBXBuildFile; fileRef = 92AD7C951EE82977F1DCB23F /* SettingsView.swift */; };
		1CCF85B16D0E6E506314C23F /* SessionStore.swift in Sources */ = {isa = PBXBuildFile; fileRef = 80B33E38BCB2D01074CF7D98 /* SessionStore.swift */; };
		2D7D7A92C0F2B702B4151E12 /* TeamListView.swift in Sources */ = {isa = PBXBuildFile; fileRef = C734DBFE843729083ED11899 /* TeamListView.swift */; };
		31AB697318E8974368D10964 /* WatchSummaryView.swift in Sources */ = {isa = PBXBuildFile; fileRef = F5F5B7186163F807377A07D1 /* WatchSummaryView.swift */; };
		3B43D48B1D7E90A9FA36CD5E /* FootballTrackerWatchApp.swift in Sources */ = {isa = PBXBuildFile; fileRef = 65A416238FFA973BB961135C /* FootballTrackerWatchApp.swift */; };
		3F336471D75B0D9F33899B3E /* PhoneSync.swift in Sources */ = {isa = PBXBuildFile; fileRef = 6FDCB6010E2CDCEF85F43A02 /* PhoneSync.swift */; };
		51D9E57038352CB89F7E0D6C /* TrackingManager.swift in Sources */ = {isa = PBXBuildFile; fileRef = CC9529A100BB82C498512A2E /* TrackingManager.swift */; };
		584BAA5B65257195268DECD2 /* StatsView.swift in Sources */ = {isa = PBXBuildFile; fileRef = F058CF3ECEDBF005C5223459 /* StatsView.swift */; };
		5945AA64E9DDA8EC0E238BEA /* FootballTrackerWatch.app in Embed Watch Content */ = {isa = PBXBuildFile; fileRef = 38D7B5959FC0CC4C5C5CA45C /* FootballTrackerWatch.app */; settings = {ATTRIBUTES = (CodeSignOnCopy, RemoveHeadersOnCopy, ); }; };
		59E39D321C31DF56A6CE81C5 /* BadgeWallView.swift in Sources */ = {isa = PBXBuildFile; fileRef = 7BFC12AFE3EB83DBD7BEE626 /* BadgeWallView.swift */; };
		5DAE4A9F895D11577ECFE8D8 /* OnboardingView.swift in Sources */ = {isa = PBXBuildFile; fileRef = FCDCFF943267F00D39A478EA /* OnboardingView.swift */; };
		6355706A8FF7C7E477F8B277 /* WatchSync.swift in Sources */ = {isa = PBXBuildFile; fileRef = 542F73FB28C8272221322D0A /* WatchSync.swift */; };
		6398953E3493F30D3B9EC3AE /* ApiModels.swift in Sources */ = {isa = PBXBuildFile; fileRef = B8C1B75F43C086C7B2B783ED /* ApiModels.swift */; };
		648E6726E868A18C272FEA75 /* TeamDetailView.swift in Sources */ = {isa = PBXBuildFile; fileRef = A21787C3A32BF8532A0BA98F /* TeamDetailView.swift */; };
		659F7E6C9E1F5595AE9AA9CA /* HeatmapView.swift in Sources */ = {isa = PBXBuildFile; fileRef = 16174BC065AFC1C9C5C51525 /* HeatmapView.swift */; };
		83627E21819162E4E2C18AC4 /* RegisterView.swift in Sources */ = {isa = PBXBuildFile; fileRef = 0121AC136016B27CD7DC492C /* RegisterView.swift */; };
		9AFC3F692DA6EC3EEA478453 /* WatchTrackingView.swift in Sources */ = {isa = PBXBuildFile; fileRef = 2ED27ECF7699FFFB237B72A3 /* WatchTrackingView.swift */; };
		9F8B5740DA85CA1157C9BBB9 /* AuthManager.swift in Sources */ = {isa = PBXBuildFile; fileRef = D2752D80E323CB4D978D060B /* AuthManager.swift */; };
		A4CF37667E3CF10F116E13C3 /* HeatmapOverlay.swift in Sources */ = {isa = PBXBuildFile; fileRef = AA6F44E157B2DA43DA6A12FC /* HeatmapOverlay.swift */; };
		AC255495176844D056814B6C /* SpeedChart.swift in Sources */ = {isa = PBXBuildFile; fileRef = 22A0F1C7E56CE7F698E02541 /* SpeedChart.swift */; };
		BE8487577C6EC8D651FDFC92 /* LoginView.swift in Sources */ = {isa = PBXBuildFile; fileRef = D25D605E8EF09E6663AD799E /* LoginView.swift */; };
		BF4CDBC2F0531E306EC2D0FF /* HomeView.swift in Sources */ = {isa = PBXBuildFile; fileRef = 1F265F7DD0BE6099A998F644 /* HomeView.swift */; };
		CA60D4570D15FDFDCC75AA1C /* Assets.xcassets in Resources */ = {isa = PBXBuildFile; fileRef = 9ACD73F03A1F387CB2D398BE /* Assets.xcassets */; };
		W1A2B3C4D5E6F7081920A1B2 /* Assets.xcassets in Resources */ = {isa = PBXBuildFile; fileRef = W2B3C4D5E6F70819A1B2C3D4 /* Assets.xcassets */; };
		C1A2B3D4E5F60718293A4B5C /* RadarChartView.swift in Sources */ = {isa = PBXBuildFile; fileRef = D4E5F6071829A3B4C5D6E7F8 /* RadarChartView.swift */; };
		CE774E22735FC3A1D7455257 /* ProfileView.swift in Sources */ = {isa = PBXBuildFile; fileRef = 754C6ACB7B9D970C8F07EE85 /* ProfileView.swift */; };
		D80555D855E9816377F1558D /* SessionDetailView.swift in Sources */ = {isa = PBXBuildFile; fileRef = C33629BCDCE91E205E4B5BA0 /* SessionDetailView.swift */; };
		A1B2C3D4E5F607182930B1C2 /* SessionNotificationsView.swift in Sources */ = {isa = PBXBuildFile; fileRef = B2C3D4E5F6071829A1B2C3D5 /* SessionNotificationsView.swift */; };
		E1A2B3C4D5E6F7089920A1B3 /* WeeklySummaryView.swift in Sources */ = {isa = PBXBuildFile; fileRef = F1A2B3C4D5E6F7089920A1B3 /* WeeklySummaryView.swift */; };
		DE3F876A06775F463F7EA6C4 /* FootballTrackerApp.swift in Sources */ = {isa = PBXBuildFile; fileRef = 4B9B26AA77BCEEE349400CD5 /* FootballTrackerApp.swift */; };
		EAD17DD90BDF6722DE9C2806 /* ApiClient.swift in Sources */ = {isa = PBXBuildFile; fileRef = 81D2A5230ED4A84374356B09 /* ApiClient.swift */; };
		WN01A2B3C4D5E6F708992001 /* WatchApiClient.swift in Sources */ = {isa = PBXBuildFile; fileRef = WN02A2B3C4D5E6F708992001 /* WatchApiClient.swift */; };
		WN03A2B3C4D5E6F708992001 /* WatchSessionQueue.swift in Sources */ = {isa = PBXBuildFile; fileRef = WN04A2B3C4D5E6F708992001 /* WatchSessionQueue.swift */; };
/* End PBXBuildFile section */

/* Begin PBXContainerItemProxy section */
		DC21F24A7BE13F683B23485D /* PBXContainerItemProxy */ = {
			isa = PBXContainerItemProxy;
			containerPortal = AAB5F3AF87968A21BF74FC5A /* Project object */;
			proxyType = 1;
			remoteGlobalIDString = 4BB3D2BC48AD81E9DB98C9FB;
			remoteInfo = FootballTrackerWatch;
		};
/* End PBXContainerItemProxy section */

/* Begin PBXCopyFilesBuildPhase section */
		0C125127877BF0051AD53377 /* Embed Watch Content */ = {
			isa = PBXCopyFilesBuildPhase;
			buildActionMask = 2147483647;
			dstPath = "$(CONTENTS_FOLDER_PATH)/Watch";
			dstSubfolderSpec = 16;
			files = (
				5945AA64E9DDA8EC0E238BEA /* FootballTrackerWatch.app in Embed Watch Content */,
			);
			name = "Embed Watch Content";
			runOnlyForDeploymentPostprocessing = 0;
		};
/* End PBXCopyFilesBuildPhase section */

/* Begin PBXFileReference section */
		04F1A2B3C4D5E6F7089920C1 /* CreateMatchView.swift */ = {isa = PBXFileReference; lastKnownFileType = sourcecode.swift; path = CreateMatchView.swift; sourceTree = "<group>"; };
		06A1B2C3D4E5F607A8B9C0D1 /* MatchDetailView.swift */ = {isa = PBXFileReference; lastKnownFileType = sourcecode.swift; path = MatchDetailView.swift; sourceTree = "<group>"; };
		0121AC136016B27CD7DC492C /* RegisterView.swift */ = {isa = PBXFileReference; lastKnownFileType = sourcecode.swift; path = RegisterView.swift; sourceTree = "<group>"; };
		10A47937B735C6DF31421B3A /* CloudSync.swift */ = {isa = PBXFileReference; lastKnownFileType = sourcecode.swift; path = CloudSync.swift; sourceTree = "<group>"; };
		16174BC065AFC1C9C5C51525 /* HeatmapView.swift */ = {isa = PBXFileReference; lastKnownFileType = sourcecode.swift; path = HeatmapView.swift; sourceTree = "<group>"; };
		1F265F7DD0BE6099A998F644 /* HomeView.swift */ = {isa = PBXFileReference; lastKnownFileType = sourcecode.swift; path = HomeView.swift; sourceTree = "<group>"; };
		22A0F1C7E56CE7F698E02541 /* SpeedChart.swift */ = {isa = PBXFileReference; lastKnownFileType = sourcecode.swift; path = SpeedChart.swift; sourceTree = "<group>"; };
		2ED27ECF7699FFFB237B72A3 /* WatchTrackingView.swift */ = {isa = PBXFileReference; lastKnownFileType = sourcecode.swift; path = WatchTrackingView.swift; sourceTree = "<group>"; };
		38D7B5959FC0CC4C5C5CA45C /* FootballTrackerWatch.app */ = {isa = PBXFileReference; explicitFileType = wrapper.application; includeInIndex = 0; path = FootballTrackerWatch.app; sourceTree = BUILT_PRODUCTS_DIR; };
		4B9B26AA77BCEEE349400CD5 /* FootballTrackerApp.swift */ = {isa = PBXFileReference; lastKnownFileType = sourcecode.swift; path = FootballTrackerApp.swift; sourceTree = "<group>"; };
		542F73FB28C8272221322D0A /* WatchSync.swift */ = {isa = PBXFileReference; lastKnownFileType = sourcecode.swift; path = WatchSync.swift; sourceTree = "<group>"; };
		65A416238FFA973BB961135C /* FootballTrackerWatchApp.swift */ = {isa = PBXFileReference; lastKnownFileType = sourcecode.swift; path = FootballTrackerWatchApp.swift; sourceTree = "<group>"; };
		6FDCB6010E2CDCEF85F43A02 /* PhoneSync.swift */ = {isa = PBXFileReference; lastKnownFileType = sourcecode.swift; path = PhoneSync.swift; sourceTree = "<group>"; };
		754C6ACB7B9D970C8F07EE85 /* ProfileView.swift */ = {isa = PBXFileReference; lastKnownFileType = sourcecode.swift; path = ProfileView.swift; sourceTree = "<group>"; };
		7BFC12AFE3EB83DBD7BEE626 /* BadgeWallView.swift */ = {isa = PBXFileReference; lastKnownFileType = sourcecode.swift; path = BadgeWallView.swift; sourceTree = "<group>"; };
		80B33E38BCB2D01074CF7D98 /* SessionStore.swift */ = {isa = PBXFileReference; lastKnownFileType = sourcecode.swift; path = SessionStore.swift; sourceTree = "<group>"; };
		81D2A5230ED4A84374356B09 /* ApiClient.swift */ = {isa = PBXFileReference; lastKnownFileType = sourcecode.swift; path = ApiClient.swift; sourceTree = "<group>"; };
		92AD7C951EE82977F1DCB23F /* SettingsView.swift */ = {isa = PBXFileReference; lastKnownFileType = sourcecode.swift; path = SettingsView.swift; sourceTree = "<group>"; };
		9529D4B9E90C67269C94CA8F /* FootballTracker.app */ = {isa = PBXFileReference; includeInIndex = 0; lastKnownFileType = wrapper.application; path = FootballTracker.app; sourceTree = BUILT_PRODUCTS_DIR; };
		9ACD73F03A1F387CB2D398BE /* Assets.xcassets */ = {isa = PBXFileReference; lastKnownFileType = folder.assetcatalog; path = Assets.xcassets; sourceTree = "<group>"; };
		A21787C3A32BF8532A0BA98F /* TeamDetailView.swift */ = {isa = PBXFileReference; lastKnownFileType = sourcecode.swift; path = TeamDetailView.swift; sourceTree = "<group>"; };
		AA6F44E157B2DA43DA6A12FC /* HeatmapOverlay.swift */ = {isa = PBXFileReference; lastKnownFileType = sourcecode.swift; path = HeatmapOverlay.swift; sourceTree = "<group>"; };
		B8C1B75F43C086C7B2B783ED /* ApiModels.swift */ = {isa = PBXFileReference; lastKnownFileType = sourcecode.swift; path = ApiModels.swift; sourceTree = "<group>"; };
		C33629BCDCE91E205E4B5BA0 /* SessionDetailView.swift */ = {isa = PBXFileReference; lastKnownFileType = sourcecode.swift; path = SessionDetailView.swift; sourceTree = "<group>"; };
		B2C3D4E5F6071829A1B2C3D5 /* SessionNotificationsView.swift */ = {isa = PBXFileReference; lastKnownFileType = sourcecode.swift; path = SessionNotificationsView.swift; sourceTree = "<group>"; };
		C734DBFE843729083ED11899 /* TeamListView.swift */ = {isa = PBXFileReference; lastKnownFileType = sourcecode.swift; path = TeamListView.swift; sourceTree = "<group>"; };
		CC9529A100BB82C498512A2E /* TrackingManager.swift */ = {isa = PBXFileReference; lastKnownFileType = sourcecode.swift; path = TrackingManager.swift; sourceTree = "<group>"; };
		D25D605E8EF09E6663AD799E /* LoginView.swift */ = {isa = PBXFileReference; lastKnownFileType = sourcecode.swift; path = LoginView.swift; sourceTree = "<group>"; };
		D2752D80E323CB4D978D060B /* AuthManager.swift */ = {isa = PBXFileReference; lastKnownFileType = sourcecode.swift; path = AuthManager.swift; sourceTree = "<group>"; };
		D4E5F6071829A3B4C5D6E7F8 /* RadarChartView.swift */ = {isa = PBXFileReference; lastKnownFileType = sourcecode.swift; path = RadarChartView.swift; sourceTree = "<group>"; };
		D30F5CE3D9C9CF74E94B4B90 /* AppColors.swift */ = {isa = PBXFileReference; lastKnownFileType = sourcecode.swift; path = AppColors.swift; sourceTree = "<group>"; };
		F058CF3ECEDBF005C5223459 /* StatsView.swift */ = {isa = PBXFileReference; lastKnownFileType = sourcecode.swift; path = StatsView.swift; sourceTree = "<group>"; };
		F1A2B3C4D5E6F7089920A1B3 /* WeeklySummaryView.swift */ = {isa = PBXFileReference; lastKnownFileType = sourcecode.swift; path = WeeklySummaryView.swift; sourceTree = "<group>"; };
		F5F5B7186163F807377A07D1 /* WatchSummaryView.swift */ = {isa = PBXFileReference; lastKnownFileType = sourcecode.swift; path = WatchSummaryView.swift; sourceTree = "<group>"; };
		FCDCFF943267F00D39A478EA /* OnboardingView.swift */ = {isa = PBXFileReference; lastKnownFileType = sourcecode.swift; path = OnboardingView.swift; sourceTree = "<group>"; };
		W2B3C4D5E6F70819A1B2C3D4 /* Assets.xcassets */ = {isa = PBXFileReference; lastKnownFileType = folder.assetcatalog; path = Assets.xcassets; sourceTree = "<group>"; };
		W4D5E6F70819A1B2C3D4E5F6 /* FootballTrackerWatch.entitlements */ = {isa = PBXFileReference; lastKnownFileType = text.plist.entitlements; path = FootballTrackerWatch.entitlements; sourceTree = "<group>"; };
		WN02A2B3C4D5E6F708992001 /* WatchApiClient.swift */ = {isa = PBXFileReference; lastKnownFileType = sourcecode.swift; path = WatchApiClient.swift; sourceTree = "<group>"; };
		WN04A2B3C4D5E6F708992001 /* WatchSessionQueue.swift */ = {isa = PBXFileReference; lastKnownFileType = sourcecode.swift; path = WatchSessionQueue.swift; sourceTree = "<group>"; };
/* End PBXFileReference section */

/* Begin PBXGroup section */
		09A647A6270F954A7C3D79E7 /* Components */ = {
			isa = PBXGroup;
			children = (
				AA6F44E157B2DA43DA6A12FC /* HeatmapOverlay.swift */,
				D4E5F6071829A3B4C5D6E7F8 /* RadarChartView.swift */,
				22A0F1C7E56CE7F698E02541 /* SpeedChart.swift */,
			);
			path = Components;
			sourceTree = "<group>";
		};
		1E6F4FA9FA56637ACF9B75DC /* Network */ = {
			isa = PBXGroup;
			children = (
				81D2A5230ED4A84374356B09 /* ApiClient.swift */,
				B8C1B75F43C086C7B2B783ED /* ApiModels.swift */,
			);
			path = Network;
			sourceTree = "<group>";
		};
		2F9A1F997ECCB0596EA45938 /* Theme */ = {
			isa = PBXGroup;
			children = (
				D30F5CE3D9C9CF74E94B4B90 /* AppColors.swift */,
			);
			path = Theme;
			sourceTree = "<group>";
		};
		52D0B217DFEFFA934A74BAC9 /* FootballTrackerWatch */ = {
			isa = PBXGroup;
			children = (
				W2B3C4D5E6F70819A1B2C3D4 /* Assets.xcassets */,
				W4D5E6F70819A1B2C3D4E5F6 /* FootballTrackerWatch.entitlements */,
				65A416238FFA973BB961135C /* FootballTrackerWatchApp.swift */,
				WN05A2B3C4D5E6F708992001 /* Network */,
				DD8DB8BCDA2179FCD4B5AAAF /* Sync */,
				CC0E03DF13339C62F81195A7 /* Tracking */,
			);
			path = FootballTrackerWatch;
			sourceTree = "<group>";
		};
		7651B60367F9232C0752DDF6 /* Products */ = {
			isa = PBXGroup;
			children = (
				9529D4B9E90C67269C94CA8F /* FootballTracker.app */,
				38D7B5959FC0CC4C5C5CA45C /* FootballTrackerWatch.app */,
			);
			name = Products;
			sourceTree = "<group>";
		};
		860377CA8192C147A7A882F3 /* FootballTracker */ = {
			isa = PBXGroup;
			children = (
				9ACD73F03A1F387CB2D398BE /* Assets.xcassets */,
				4B9B26AA77BCEEE349400CD5 /* FootballTrackerApp.swift */,
				A85E27AB2E78365287038D7D /* Auth */,
				09A647A6270F954A7C3D79E7 /* Components */,
				BFC2897E102B257EC2FD6AC3 /* Data */,
				1E6F4FA9FA56637ACF9B75DC /* Network */,
				ECE6D27BC287504F93AC35E1 /* Sync */,
				2F9A1F997ECCB0596EA45938 /* Theme */,
				A565ED63AE9FAD5E8A65B5F9 /* Views */,
			);
			path = FootballTracker;
			sourceTree = "<group>";
		};
		A565ED63AE9FAD5E8A65B5F9 /* Views */ = {
			isa = PBXGroup;
			children = (
				7BFC12AFE3EB83DBD7BEE626 /* BadgeWallView.swift */,
				04F1A2B3C4D5E6F7089920C1 /* CreateMatchView.swift */,
				16174BC065AFC1C9C5C51525 /* HeatmapView.swift */,
				1F265F7DD0BE6099A998F644 /* HomeView.swift */,
				D25D605E8EF09E6663AD799E /* LoginView.swift */,
				06A1B2C3D4E5F607A8B9C0D1 /* MatchDetailView.swift */,
				FCDCFF943267F00D39A478EA /* OnboardingView.swift */,
				754C6ACB7B9D970C8F07EE85 /* ProfileView.swift */,
				0121AC136016B27CD7DC492C /* RegisterView.swift */,
				C33629BCDCE91E205E4B5BA0 /* SessionDetailView.swift */,
				B2C3D4E5F6071829A1B2C3D5 /* SessionNotificationsView.swift */,
				92AD7C951EE82977F1DCB23F /* SettingsView.swift */,
				F058CF3ECEDBF005C5223459 /* StatsView.swift */,
				A21787C3A32BF8532A0BA98F /* TeamDetailView.swift */,
				C734DBFE843729083ED11899 /* TeamListView.swift */,
				F1A2B3C4D5E6F7089920A1B3 /* WeeklySummaryView.swift */,
			);
			path = Views;
			sourceTree = "<group>";
		};
		A85E27AB2E78365287038D7D /* Auth */ = {
			isa = PBXGroup;
			children = (
				D2752D80E323CB4D978D060B /* AuthManager.swift */,
				10A47937B735C6DF31421B3A /* CloudSync.swift */,
			);
			path = Auth;
			sourceTree = "<group>";
		};
		BFC2897E102B257EC2FD6AC3 /* Data */ = {
			isa = PBXGroup;
			children = (
				80B33E38BCB2D01074CF7D98 /* SessionStore.swift */,
			);
			path = Data;
			sourceTree = "<group>";
		};
		CC0E03DF13339C62F81195A7 /* Tracking */ = {
			isa = PBXGroup;
			children = (
				CC9529A100BB82C498512A2E /* TrackingManager.swift */,
				F5F5B7186163F807377A07D1 /* WatchSummaryView.swift */,
				2ED27ECF7699FFFB237B72A3 /* WatchTrackingView.swift */,
			);
			path = Tracking;
			sourceTree = "<group>";
		};
		DD8DB8BCDA2179FCD4B5AAAF /* Sync */ = {
			isa = PBXGroup;
			children = (
				6FDCB6010E2CDCEF85F43A02 /* PhoneSync.swift */,
			);
			path = Sync;
			sourceTree = "<group>";
		};
		ECE6D27BC287504F93AC35E1 /* Sync */ = {
			isa = PBXGroup;
			children = (
				542F73FB28C8272221322D0A /* WatchSync.swift */,
			);
			path = Sync;
			sourceTree = "<group>";
		};
		WN05A2B3C4D5E6F708992001 /* Network */ = {
			isa = PBXGroup;
			children = (
				WN02A2B3C4D5E6F708992001 /* WatchApiClient.swift */,
				WN04A2B3C4D5E6F708992001 /* WatchSessionQueue.swift */,
			);
			path = Network;
			sourceTree = "<group>";
		};
		EDCFE626AD020BF2048548E8 = {
			isa = PBXGroup;
			children = (
				860377CA8192C147A7A882F3 /* FootballTracker */,
				52D0B217DFEFFA934A74BAC9 /* FootballTrackerWatch */,
				7651B60367F9232C0752DDF6 /* Products */,
			);
			sourceTree = "<group>";
		};
/* End PBXGroup section */

/* Begin PBXNativeTarget section */
		0FDB8C13331326252968E476 /* FootballTracker */ = {
			isa = PBXNativeTarget;
			buildConfigurationList = BEDAB44F1889D91B24844F04 /* Build configuration list for PBXNativeTarget "FootballTracker" */;
			buildPhases = (
				849A99C4EDC282C43A3D9EA2 /* Sources */,
				883C7996BF7290318A689792 /* Resources */,
				0C125127877BF0051AD53377 /* Embed Watch Content */,
			);
			buildRules = (
			);
			dependencies = (
				B02EEC2D4C14D63D2FF43018 /* PBXTargetDependency */,
			);
			name = FootballTracker;
			packageProductDependencies = (
			);
			productName = FootballTracker;
			productReference = 9529D4B9E90C67269C94CA8F /* FootballTracker.app */;
			productType = "com.apple.product-type.application";
		};
		4BB3D2BC48AD81E9DB98C9FB /* FootballTrackerWatch */ = {
			isa = PBXNativeTarget;
			buildConfigurationList = B2C1E14CF168BC6B922E4B1D /* Build configuration list for PBXNativeTarget "FootballTrackerWatch" */;
			buildPhases = (
				D01ACDF8AAF1E941DECAFFA1 /* Sources */,
				W3C4D5E6F70819A1B2C3D4E5 /* Resources */,
			);
			buildRules = (
			);
			dependencies = (
			);
			name = FootballTrackerWatch;
			packageProductDependencies = (
			);
			productName = FootballTrackerWatch;
			productReference = 38D7B5959FC0CC4C5C5CA45C /* FootballTrackerWatch.app */;
			productType = "com.apple.product-type.application";
		};
/* End PBXNativeTarget section */

/* Begin PBXProject section */
		AAB5F3AF87968A21BF74FC5A /* Project object */ = {
			isa = PBXProject;
			attributes = {
				BuildIndependentTargetsInParallel = YES;
				LastUpgradeCheck = 1600;
				TargetAttributes = {
					0FDB8C13331326252968E476 = {
						DevelopmentTeam = 25N63T38LP;
						ProvisioningStyle = Automatic;
					};
					4BB3D2BC48AD81E9DB98C9FB = {
						DevelopmentTeam = 25N63T38LP;
						ProvisioningStyle = Automatic;
					};
				};
			};
			buildConfigurationList = 4F704E423BB7F5AE1FA98F70 /* Build configuration list for PBXProject "FootballTracker" */;
			developmentRegion = en;
			hasScannedForEncodings = 0;
			knownRegions = (
				Base,
				en,
			);
			mainGroup = EDCFE626AD020BF2048548E8;
			minimizedProjectReferenceProxies = 1;
			preferredProjectObjectVersion = 77;
			productRefGroup = 7651B60367F9232C0752DDF6 /* Products */;
			projectDirPath = "";
			projectRoot = "";
			targets = (
				0FDB8C13331326252968E476 /* FootballTracker */,
				4BB3D2BC48AD81E9DB98C9FB /* FootballTrackerWatch */,
			);
		};
/* End PBXProject section */

/* Begin PBXResourcesBuildPhase section */
		883C7996BF7290318A689792 /* Resources */ = {
			isa = PBXResourcesBuildPhase;
			buildActionMask = 2147483647;
			files = (
				CA60D4570D15FDFDCC75AA1C /* Assets.xcassets in Resources */,
			);
			runOnlyForDeploymentPostprocessing = 0;
		};
		W3C4D5E6F70819A1B2C3D4E5 /* Resources */ = {
			isa = PBXResourcesBuildPhase;
			buildActionMask = 2147483647;
			files = (
				W1A2B3C4D5E6F7081920A1B2 /* Assets.xcassets in Resources */,
			);
			runOnlyForDeploymentPostprocessing = 0;
		};
/* End PBXResourcesBuildPhase section */

/* Begin PBXSourcesBuildPhase section */
		849A99C4EDC282C43A3D9EA2 /* Sources */ = {
			isa = PBXSourcesBuildPhase;
			buildActionMask = 2147483647;
			files = (
				EAD17DD90BDF6722DE9C2806 /* ApiClient.swift in Sources */,
				6398953E3493F30D3B9EC3AE /* ApiModels.swift in Sources */,
				012191B142DC845EEBB29A1B /* AppColors.swift in Sources */,
				9F8B5740DA85CA1157C9BBB9 /* AuthManager.swift in Sources */,
				59E39D321C31DF56A6CE81C5 /* BadgeWallView.swift in Sources */,
				046B0A51704DD3EE532486E2 /* CloudSync.swift in Sources */,
				03F1A2B3C4D5E6F7089920C1 /* CreateMatchView.swift in Sources */,
				DE3F876A06775F463F7EA6C4 /* FootballTrackerApp.swift in Sources */,
				A4CF37667E3CF10F116E13C3 /* HeatmapOverlay.swift in Sources */,
				659F7E6C9E1F5595AE9AA9CA /* HeatmapView.swift in Sources */,
				BF4CDBC2F0531E306EC2D0FF /* HomeView.swift in Sources */,
				BE8487577C6EC8D651FDFC92 /* LoginView.swift in Sources */,
				05A1B2C3D4E5F607A8B9C0D1 /* MatchDetailView.swift in Sources */,
				5DAE4A9F895D11577ECFE8D8 /* OnboardingView.swift in Sources */,
				CE774E22735FC3A1D7455257 /* ProfileView.swift in Sources */,
				C1A2B3D4E5F60718293A4B5C /* RadarChartView.swift in Sources */,
				83627E21819162E4E2C18AC4 /* RegisterView.swift in Sources */,
				D80555D855E9816377F1558D /* SessionDetailView.swift in Sources */,
				A1B2C3D4E5F607182930B1C2 /* SessionNotificationsView.swift in Sources */,
				1CCF85B16D0E6E506314C23F /* SessionStore.swift in Sources */,
				1501FB6DD67A8FD84F4C18E1 /* SettingsView.swift in Sources */,
				AC255495176844D056814B6C /* SpeedChart.swift in Sources */,
				584BAA5B65257195268DECD2 /* StatsView.swift in Sources */,
				648E6726E868A18C272FEA75 /* TeamDetailView.swift in Sources */,
				2D7D7A92C0F2B702B4151E12 /* TeamListView.swift in Sources */,
				6355706A8FF7C7E477F8B277 /* WatchSync.swift in Sources */,
				E1A2B3C4D5E6F7089920A1B3 /* WeeklySummaryView.swift in Sources */,
			);
			runOnlyForDeploymentPostprocessing = 0;
		};
		D01ACDF8AAF1E941DECAFFA1 /* Sources */ = {
			isa = PBXSourcesBuildPhase;
			buildActionMask = 2147483647;
			files = (
				3B43D48B1D7E90A9FA36CD5E /* FootballTrackerWatchApp.swift in Sources */,
				3F336471D75B0D9F33899B3E /* PhoneSync.swift in Sources */,
				51D9E57038352CB89F7E0D6C /* TrackingManager.swift in Sources */,
				WN01A2B3C4D5E6F708992001 /* WatchApiClient.swift in Sources */,
				WN03A2B3C4D5E6F708992001 /* WatchSessionQueue.swift in Sources */,
				31AB697318E8974368D10964 /* WatchSummaryView.swift in Sources */,
				9AFC3F692DA6EC3EEA478453 /* WatchTrackingView.swift in Sources */,
			);
			runOnlyForDeploymentPostprocessing = 0;
		};
/* End PBXSourcesBuildPhase section */

/* Begin PBXTargetDependency section */
		B02EEC2D4C14D63D2FF43018 /* PBXTargetDependency */ = {
			isa = PBXTargetDependency;
			target = 4BB3D2BC48AD81E9DB98C9FB /* FootballTrackerWatch */;
			targetProxy = DC21F24A7BE13F683B23485D /* PBXContainerItemProxy */;
		};
/* End PBXTargetDependency section */

/* Begin XCBuildConfiguration section */
		2D5E33D5B92E3BD8F2F7CA7A /* Release */ = {
			isa = XCBuildConfiguration;
			buildSettings = {
				ASSETCATALOG_COMPILER_APPICON_NAME = AppIcon;
				CODE_SIGN_ENTITLEMENTS = FootballTrackerWatch/FootballTrackerWatch.entitlements;
				CODE_SIGN_IDENTITY = "Apple Development";
				CODE_SIGN_STYLE = Automatic;
				DEVELOPMENT_TEAM = 25N63T38LP;
				INFOPLIST_FILE = FootballTrackerWatch/Info.plist;
				PRODUCT_BUNDLE_IDENTIFIER = com.footballtracker.ios.watchkitapp;
				SDKROOT = watchos;
				SKIP_INSTALL = YES;
				SUPPORTS_MACCATALYST = NO;
				SWIFT_VERSION = 5.9;
				TARGETED_DEVICE_FAMILY = 4;
			};
			name = Release;
		};
		306D0D8D59409D6FDC554688 /* Debug */ = {
			isa = XCBuildConfiguration;
			buildSettings = {
				ASSETCATALOG_COMPILER_APPICON_NAME = AppIcon;
				CODE_SIGN_ENTITLEMENTS = FootballTrackerWatch/FootballTrackerWatch.entitlements;
				CODE_SIGN_IDENTITY = "Apple Development";
				CODE_SIGN_STYLE = Automatic;
				DEVELOPMENT_TEAM = 25N63T38LP;
				INFOPLIST_FILE = FootballTrackerWatch/Info.plist;
				PRODUCT_BUNDLE_IDENTIFIER = com.footballtracker.ios.watchkitapp;
				SDKROOT = watchos;
				SKIP_INSTALL = YES;
				SUPPORTS_MACCATALYST = NO;
				SWIFT_VERSION = 5.9;
				TARGETED_DEVICE_FAMILY = 4;
			};
			name = Debug;
		};
		6D954FF9F1715A2B85BE1574 /* Debug */ = {
			isa = XCBuildConfiguration;
			buildSettings = {
				ASSETCATALOG_COMPILER_APPICON_NAME = AppIcon;
				CODE_SIGN_IDENTITY = "Apple Development";
				CODE_SIGN_STYLE = Automatic;
				DEVELOPMENT_TEAM = 25N63T38LP;
				INFOPLIST_FILE = FootballTracker/Info.plist;
				LD_RUNPATH_SEARCH_PATHS = (
					"$(inherited)",
					"@executable_path/Frameworks",
				);
				PRODUCT_BUNDLE_IDENTIFIER = com.footballtracker.ios;
				SDKROOT = iphoneos;
				SWIFT_VERSION = 5.9;
				TARGETED_DEVICE_FAMILY = 1;
			};
			name = Debug;
		};
		AA21DC250164F5FE6CF5FEA7 /* Release */ = {
			isa = XCBuildConfiguration;
			buildSettings = {
				ASSETCATALOG_COMPILER_APPICON_NAME = AppIcon;
				CODE_SIGN_IDENTITY = "Apple Development";
				CODE_SIGN_STYLE = Automatic;
				DEVELOPMENT_TEAM = 25N63T38LP;
				INFOPLIST_FILE = FootballTracker/Info.plist;
				LD_RUNPATH_SEARCH_PATHS = (
					"$(inherited)",
					"@executable_path/Frameworks",
				);
				PRODUCT_BUNDLE_IDENTIFIER = com.footballtracker.ios;
				SDKROOT = iphoneos;
				SWIFT_VERSION = 5.9;
				TARGETED_DEVICE_FAMILY = 1;
			};
			name = Release;
		};
		BBC5770EC7B2D1C59C8261BF /* Release */ = {
			isa = XCBuildConfiguration;
			buildSettings = {
				ALWAYS_SEARCH_USER_PATHS = NO;
				CLANG_ANALYZER_NONNULL = YES;
				CLANG_ANALYZER_NUMBER_OBJECT_CONVERSION = YES_AGGRESSIVE;
				CLANG_CXX_LANGUAGE_STANDARD = "gnu++14";
				CLANG_CXX_LIBRARY = "libc++";
				CLANG_ENABLE_MODULES = YES;
				CLANG_ENABLE_OBJC_ARC = YES;
				CLANG_ENABLE_OBJC_WEAK = YES;
				CLANG_WARN_BLOCK_CAPTURE_AUTORELEASING = YES;
				CLANG_WARN_BOOL_CONVERSION = YES;
				CLANG_WARN_COMMA = YES;
				CLANG_WARN_CONSTANT_CONVERSION = YES;
				CLANG_WARN_DEPRECATED_OBJC_IMPLEMENTATIONS = YES;
				CLANG_WARN_DIRECT_OBJC_ISA_USAGE = YES_ERROR;
				CLANG_WARN_DOCUMENTATION_COMMENTS = YES;
				CLANG_WARN_EMPTY_BODY = YES;
				CLANG_WARN_ENUM_CONVERSION = YES;
				CLANG_WARN_INFINITE_RECURSION = YES;
				CLANG_WARN_INT_CONVERSION = YES;
				CLANG_WARN_NON_LITERAL_NULL_CONVERSION = YES;
				CLANG_WARN_OBJC_IMPLICIT_RETAIN_SELF = YES;
				CLANG_WARN_OBJC_LITERAL_CONVERSION = YES;
				CLANG_WARN_OBJC_ROOT_CLASS = YES_ERROR;
				CLANG_WARN_QUOTED_INCLUDE_IN_FRAMEWORK_HEADER = YES;
				CLANG_WARN_RANGE_LOOP_ANALYSIS = YES;
				CLANG_WARN_STRICT_PROTOTYPES = YES;
				CLANG_WARN_SUSPICIOUS_MOVE = YES;
				CLANG_WARN_UNGUARDED_AVAILABILITY = YES_AGGRESSIVE;
				CLANG_WARN_UNREACHABLE_CODE = YES;
				CLANG_WARN__DUPLICATE_METHOD_MATCH = YES;
				COPY_PHASE_STRIP = NO;
				DEBUG_INFORMATION_FORMAT = "dwarf-with-dsym";
				ENABLE_NS_ASSERTIONS = NO;
				ENABLE_STRICT_OBJC_MSGSEND = YES;
				GCC_C_LANGUAGE_STANDARD = gnu11;
				GCC_NO_COMMON_BLOCKS = YES;
				GCC_WARN_64_TO_32_BIT_CONVERSION = YES;
				GCC_WARN_ABOUT_RETURN_TYPE = YES_ERROR;
				GCC_WARN_UNDECLARED_SELECTOR = YES;
				GCC_WARN_UNINITIALIZED_AUTOS = YES_AGGRESSIVE;
				GCC_WARN_UNUSED_FUNCTION = YES;
				GCC_WARN_UNUSED_VARIABLE = YES;
				IPHONEOS_DEPLOYMENT_TARGET = 17.0;
				MTL_ENABLE_DEBUG_INFO = NO;
				MTL_FAST_MATH = YES;
				PRODUCT_NAME = "$(TARGET_NAME)";
				SWIFT_COMPILATION_MODE = wholemodule;
				SWIFT_OPTIMIZATION_LEVEL = "-O";
				SWIFT_VERSION = 5.0;
				WATCHOS_DEPLOYMENT_TARGET = 10.0;
			};
			name = Release;
		};
		BBDA031408A4433416E801C0 /* Debug */ = {
			isa = XCBuildConfiguration;
			buildSettings = {
				ALWAYS_SEARCH_USER_PATHS = NO;
				CLANG_ANALYZER_NONNULL = YES;
				CLANG_ANALYZER_NUMBER_OBJECT_CONVERSION = YES_AGGRESSIVE;
				CLANG_CXX_LANGUAGE_STANDARD = "gnu++14";
				CLANG_CXX_LIBRARY = "libc++";
				CLANG_ENABLE_MODULES = YES;
				CLANG_ENABLE_OBJC_ARC = YES;
				CLANG_ENABLE_OBJC_WEAK = YES;
				CLANG_WARN_BLOCK_CAPTURE_AUTORELEASING = YES;
				CLANG_WARN_BOOL_CONVERSION = YES;
				CLANG_WARN_COMMA = YES;
				CLANG_WARN_CONSTANT_CONVERSION = YES;
				CLANG_WARN_DEPRECATED_OBJC_IMPLEMENTATIONS = YES;
				CLANG_WARN_DIRECT_OBJC_ISA_USAGE = YES_ERROR;
				CLANG_WARN_DOCUMENTATION_COMMENTS = YES;
				CLANG_WARN_EMPTY_BODY = YES;
				CLANG_WARN_ENUM_CONVERSION = YES;
				CLANG_WARN_INFINITE_RECURSION = YES;
				CLANG_WARN_INT_CONVERSION = YES;
				CLANG_WARN_NON_LITERAL_NULL_CONVERSION = YES;
				CLANG_WARN_OBJC_IMPLICIT_RETAIN_SELF = YES;
				CLANG_WARN_OBJC_LITERAL_CONVERSION = YES;
				CLANG_WARN_OBJC_ROOT_CLASS = YES_ERROR;
				CLANG_WARN_QUOTED_INCLUDE_IN_FRAMEWORK_HEADER = YES;
				CLANG_WARN_RANGE_LOOP_ANALYSIS = YES;
				CLANG_WARN_STRICT_PROTOTYPES = YES;
				CLANG_WARN_SUSPICIOUS_MOVE = YES;
				CLANG_WARN_UNGUARDED_AVAILABILITY = YES_AGGRESSIVE;
				CLANG_WARN_UNREACHABLE_CODE = YES;
				CLANG_WARN__DUPLICATE_METHOD_MATCH = YES;
				COPY_PHASE_STRIP = NO;
				DEBUG_INFORMATION_FORMAT = dwarf;
				ENABLE_STRICT_OBJC_MSGSEND = YES;
				ENABLE_TESTABILITY = YES;
				GCC_C_LANGUAGE_STANDARD = gnu11;
				GCC_DYNAMIC_NO_PIC = NO;
				GCC_NO_COMMON_BLOCKS = YES;
				GCC_OPTIMIZATION_LEVEL = 0;
				GCC_PREPROCESSOR_DEFINITIONS = (
					"$(inherited)",
					"DEBUG=1",
				);
				GCC_WARN_64_TO_32_BIT_CONVERSION = YES;
				GCC_WARN_ABOUT_RETURN_TYPE = YES_ERROR;
				GCC_WARN_UNDECLARED_SELECTOR = YES;
				GCC_WARN_UNINITIALIZED_AUTOS = YES_AGGRESSIVE;
				GCC_WARN_UNUSED_FUNCTION = YES;
				GCC_WARN_UNUSED_VARIABLE = YES;
				IPHONEOS_DEPLOYMENT_TARGET = 17.0;
				MTL_ENABLE_DEBUG_INFO = INCLUDE_SOURCE;
				MTL_FAST_MATH = YES;
				ONLY_ACTIVE_ARCH = YES;
				PRODUCT_NAME = "$(TARGET_NAME)";
				SWIFT_ACTIVE_COMPILATION_CONDITIONS = DEBUG;
				SWIFT_OPTIMIZATION_LEVEL = "-Onone";
				SWIFT_VERSION = 5.0;
				WATCHOS_DEPLOYMENT_TARGET = 10.0;
			};
			name = Debug;
		};
/* End XCBuildConfiguration section */

/* Begin XCConfigurationList section */
		4F704E423BB7F5AE1FA98F70 /* Build configuration list for PBXProject "FootballTracker" */ = {
			isa = XCConfigurationList;
			buildConfigurations = (
				BBDA031408A4433416E801C0 /* Debug */,
				BBC5770EC7B2D1C59C8261BF /* Release */,
			);
			defaultConfigurationIsVisible = 0;
			defaultConfigurationName = Debug;
		};
		B2C1E14CF168BC6B922E4B1D /* Build configuration list for PBXNativeTarget "FootballTrackerWatch" */ = {
			isa = XCConfigurationList;
			buildConfigurations = (
				306D0D8D59409D6FDC554688 /* Debug */,
				2D5E33D5B92E3BD8F2F7CA7A /* Release */,
			);
			defaultConfigurationIsVisible = 0;
			defaultConfigurationName = Debug;
		};
		BEDAB44F1889D91B24844F04 /* Build configuration list for PBXNativeTarget "FootballTracker" */ = {
			isa = XCConfigurationList;
			buildConfigurations = (
				6D954FF9F1715A2B85BE1574 /* Debug */,
				AA21DC250164F5FE6CF5FEA7 /* Release */,
			);
			defaultConfigurationIsVisible = 0;
			defaultConfigurationName = Debug;
		};
/* End XCConfigurationList section */
	};
	rootObject = AAB5F3AF87968A21BF74FC5A /* Project object */;
}
